
Microsoft Visual Studio Solution File, Format Version 12.00
# Visual Studio Version 16
VisualStudioVersion = 16.0.31402.337
MinimumVisualStudioVersion = 10.0.40219.1
Project("{9A19103F-16F7-4668-BE54-9A1E7A4F7556}") = "01.BonusScoringSystem", "01.BonusScoringSystem\01.BonusScoringSystem.csproj", "{5D8286DA-8442-42BE-BD72-96A0BE5D2E31}"
EndProject
Project("{FAE04EC0-301F-11D3-BF4B-00C04F79EFBC}") = "02.MuOnline", "02.MuOnline\02.MuOnline.csproj", "{603070B5-5F1C-47B2-8D79-EA3E74627008}"
EndProject
Project("{FAE04EC0-301F-11D3-BF4B-00C04F79EFBC}") = "03.Inventory", "03.Inventory\03.Inventory.csproj", "{65E23610-C901-4D3F-B458-D315C7423958}"
EndProject
Global
	GlobalSection(SolutionConfigurationPlatforms) = preSolution
		Debug|Any CPU = Debug|Any CPU
		Release|Any CPU = Release|Any CPU
	EndGlobalSection
	GlobalSection(ProjectConfigurationPlatforms) = postSolution
		{5D8286DA-8442-42BE-BD72-96A0BE5D2E31}.Debug|Any CPU.ActiveCfg = Debug|Any CPU
		{5D8286DA-8442-42BE-BD72-96A0BE5D2E31}.Debug|Any CPU.Build.0 = Debug|Any CPU
		{5D8286DA-8442-42BE-BD72-96A0BE5D2E31}.Release|Any CPU.ActiveCfg = Release|Any CPU
		{5D8286DA-8442-42BE-BD72-96A0BE5D2E31}.Release|Any CPU.Build.0 = Release|Any CPU
		{603070B5-5F1C-47B2-8D79-EA3E74627008}.Debug|Any CPU.ActiveCfg = Debug|Any CPU
		{603070B5-5F1C-47B2-8D79-EA3E74627008}.Debug|Any CPU.Build.0 = Debug|Any CPU
		{603070B5-5F1C-47B2-8D79-EA3E74627008}.Release|Any CPU.ActiveCfg = Release|Any CPU
		{603070B5-5F1C-47B2-8D79-EA3E74627008}.Release|Any CPU.Build.0 = Release|Any CPU
		{65E23610-C901-4D3F-B458-D315C7423958}.Debug|Any CPU.ActiveCfg = Debug|Any CPU
		{65E23610-C901-4D3F-B458-D315C7423958}.Debug|Any CPU.Build.0 = Debug|Any CPU
		{65E23610-C901-4D3F-B458-D315C7423958}.Release|Any CPU.ActiveCfg = Release|Any CPU
		{65E23610-C901-4D3F-B458-D315C7423958}.Release|Any CPU.Build.0 = Release|Any CPU
	EndGlobalSection
	GlobalSection(SolutionProperties) = preSolution
		HideSolutionNode = FALSE
	EndGlobalSection
	GlobalSection(ExtensibilityGlobals) = postSolution
		SolutionGuid = {AA891FE8-2DFE-405E-884E-C98EDBDD3784}
	EndGlobalSection
EndGlobal
