
Microsoft Visual Studio Solution File, Format Version 12.00
# Visual Studio Version 16
VisualStudioVersion = 16.0.31424.327
MinimumVisualStudioVersion = 10.0.40219.1
Project("{9A19103F-16F7-4668-BE54-9A1E7A4F7556}") = "01.ActivationKeys", "01.ActivationKeys\01.ActivationKeys.csproj", "{256CBC95-E89E-4DE6-860B-333B0104237C}"
EndProject
Project("{9A19103F-16F7-4668-BE54-9A1E7A4F7556}") = "02.EmojiDetector", "02.EmojiDetector\02.EmojiDetector.csproj", "{52641DEC-4F26-4185-BA22-046B0C87A26C}"
EndProject
Project("{FAE04EC0-301F-11D3-BF4B-00C04F79EFBC}") = "03.Pirates", "03.Pirates\03.Pirates.csproj", "{3432B10C-B836-4927-91D4-3568A793216F}"
EndProject
Global
	GlobalSection(SolutionConfigurationPlatforms) = preSolution
		Debug|Any CPU = Debug|Any CPU
		Release|Any CPU = Release|Any CPU
	EndGlobalSection
	GlobalSection(ProjectConfigurationPlatforms) = postSolution
		{256CBC95-E89E-4DE6-860B-333B0104237C}.Debug|Any CPU.ActiveCfg = Debug|Any CPU
		{256CBC95-E89E-4DE6-860B-333B0104237C}.Debug|Any CPU.Build.0 = Debug|Any CPU
		{256CBC95-E89E-4DE6-860B-333B0104237C}.Release|Any CPU.ActiveCfg = Release|Any CPU
		{256CBC95-E89E-4DE6-860B-333B0104237C}.Release|Any CPU.Build.0 = Release|Any CPU
		{52641DEC-4F26-4185-BA22-046B0C87A26C}.Debug|Any CPU.ActiveCfg = Debug|Any CPU
		{52641DEC-4F26-4185-BA22-046B0C87A26C}.Debug|Any CPU.Build.0 = Debug|Any CPU
		{52641DEC-4F26-4185-BA22-046B0C87A26C}.Release|Any CPU.ActiveCfg = Release|Any CPU
		{52641DEC-4F26-4185-BA22-046B0C87A26C}.Release|Any CPU.Build.0 = Release|Any CPU
		{3432B10C-B836-4927-91D4-3568A793216F}.Debug|Any CPU.ActiveCfg = Debug|Any CPU
		{3432B10C-B836-4927-91D4-3568A793216F}.Debug|Any CPU.Build.0 = Debug|Any CPU
		{3432B10C-B836-4927-91D4-3568A793216F}.Release|Any CPU.ActiveCfg = Release|Any CPU
		{3432B10C-B836-4927-91D4-3568A793216F}.Release|Any CPU.Build.0 = Release|Any CPU
	EndGlobalSection
	GlobalSection(SolutionProperties) = preSolution
		HideSolutionNode = FALSE
	EndGlobalSection
	GlobalSection(ExtensibilityGlobals) = postSolution
		SolutionGuid = {8C087A74-697D-4A58-97C7-32A8BD5B04EC}
	EndGlobalSection
EndGlobal
