
Microsoft Visual Studio Solution File, Format Version 12.00
# Visual Studio Version 16
VisualStudioVersion = 16.0.31424.327
MinimumVisualStudioVersion = 10.0.40219.1
Project("{9A19103F-16F7-4668-BE54-9A1E7A4F7556}") = "01.SecretChat", "01.SecretChat\01.SecretChat.csproj", "{A002DF4C-646D-44AA-9AE1-53FC57DEEE65}"
EndProject
Project("{FAE04EC0-301F-11D3-BF4B-00C04F79EFBC}") = "02.MirrorWords", "02.MirrorWords\02.MirrorWords.csproj", "{AC948B31-BF30-43B3-AACC-A91398E34A52}"
EndProject
Project("{FAE04EC0-301F-11D3-BF4B-00C04F79EFBC}") = "03.NeedForSpeedIII", "03.NeedForSpeedIII\03.NeedForSpeedIII.csproj", "{EF953EC9-BBA1-417A-9F21-36CF9E609982}"
EndProject
Global
	GlobalSection(SolutionConfigurationPlatforms) = preSolution
		Debug|Any CPU = Debug|Any CPU
		Release|Any CPU = Release|Any CPU
	EndGlobalSection
	GlobalSection(ProjectConfigurationPlatforms) = postSolution
		{A002DF4C-646D-44AA-9AE1-53FC57DEEE65}.Debug|Any CPU.ActiveCfg = Debug|Any CPU
		{A002DF4C-646D-44AA-9AE1-53FC57DEEE65}.Debug|Any CPU.Build.0 = Debug|Any CPU
		{A002DF4C-646D-44AA-9AE1-53FC57DEEE65}.Release|Any CPU.ActiveCfg = Release|Any CPU
		{A002DF4C-646D-44AA-9AE1-53FC57DEEE65}.Release|Any CPU.Build.0 = Release|Any CPU
		{AC948B31-BF30-43B3-AACC-A91398E34A52}.Debug|Any CPU.ActiveCfg = Debug|Any CPU
		{AC948B31-BF30-43B3-AACC-A91398E34A52}.Debug|Any CPU.Build.0 = Debug|Any CPU
		{AC948B31-BF30-43B3-AACC-A91398E34A52}.Release|Any CPU.ActiveCfg = Release|Any CPU
		{AC948B31-BF30-43B3-AACC-A91398E34A52}.Release|Any CPU.Build.0 = Release|Any CPU
		{EF953EC9-BBA1-417A-9F21-36CF9E609982}.Debug|Any CPU.ActiveCfg = Debug|Any CPU
		{EF953EC9-BBA1-417A-9F21-36CF9E609982}.Debug|Any CPU.Build.0 = Debug|Any CPU
		{EF953EC9-BBA1-417A-9F21-36CF9E609982}.Release|Any CPU.ActiveCfg = Release|Any CPU
		{EF953EC9-BBA1-417A-9F21-36CF9E609982}.Release|Any CPU.Build.0 = Release|Any CPU
	EndGlobalSection
	GlobalSection(SolutionProperties) = preSolution
		HideSolutionNode = FALSE
	EndGlobalSection
	GlobalSection(ExtensibilityGlobals) = postSolution
		SolutionGuid = {1977D7A7-0002-447C-9CED-64671AC7B219}
	EndGlobalSection
EndGlobal
