
Microsoft Visual Studio Solution File, Format Version 12.00
# Visual Studio Version 16
VisualStudioVersion = 16.0.31424.327
MinimumVisualStudioVersion = 10.0.40219.1
Project("{9A19103F-16F7-4668-BE54-9A1E7A4F7556}") = "01.ValidUsernames", "01.ValidUsernames\01.ValidUsernames.csproj", "{392FA197-CBCD-4138-88AF-F0B9FB58EEFC}"
EndProject
Project("{9A19103F-16F7-4668-BE54-9A1E7A4F7556}") = "02.CharacterMultiplier", "02.CharacterMultiplier\02.CharacterMultiplier.csproj", "{76094ECC-59ED-4CFA-976B-B6A5E7DB14AC}"
EndProject
Project("{9A19103F-16F7-4668-BE54-9A1E7A4F7556}") = "03.ExtractFile", "03.ExtractFile\03.ExtractFile.csproj", "{4099498C-F9BE-40C3-B5C9-9920ED9EDA5B}"
EndProject
Project("{9A19103F-16F7-4668-BE54-9A1E7A4F7556}") = "04.CaesarCipher", "04.CaesarCipher\04.CaesarCipher.csproj", "{BCAF5664-2297-4C10-9D86-D944B311BE75}"
EndProject
Project("{9A19103F-16F7-4668-BE54-9A1E7A4F7556}") = "05.MultiplyBigNumber", "05.MultiplyBigNumber\05.MultiplyBigNumber.csproj", "{601CAD90-EEDF-4E29-BCEB-9E7BA82686AA}"
EndProject
Project("{FAE04EC0-301F-11D3-BF4B-00C04F79EFBC}") = "06.ReplaceRepeatingChars", "06.ReplaceRepeatingChars\06.ReplaceRepeatingChars.csproj", "{1E5277C3-3032-48A6-A553-41DCC087B860}"
EndProject
Project("{FAE04EC0-301F-11D3-BF4B-00C04F79EFBC}") = "07.StringExplosion", "07.StringExplosion\07.StringExplosion.csproj", "{41001247-5CC0-40F2-B3FB-942AAB4AF4B2}"
EndProject
Project("{FAE04EC0-301F-11D3-BF4B-00C04F79EFBC}") = "08.LettersChangeNumbers", "08.LettersChangeNumbers\08.LettersChangeNumbers.csproj", "{4FC4C9FF-AAEE-4AEB-9A52-1C93122C8D1D}"
EndProject
Global
	GlobalSection(SolutionConfigurationPlatforms) = preSolution
		Debug|Any CPU = Debug|Any CPU
		Release|Any CPU = Release|Any CPU
	EndGlobalSection
	GlobalSection(ProjectConfigurationPlatforms) = postSolution
		{392FA197-CBCD-4138-88AF-F0B9FB58EEFC}.Debug|Any CPU.ActiveCfg = Debug|Any CPU
		{392FA197-CBCD-4138-88AF-F0B9FB58EEFC}.Debug|Any CPU.Build.0 = Debug|Any CPU
		{392FA197-CBCD-4138-88AF-F0B9FB58EEFC}.Release|Any CPU.ActiveCfg = Release|Any CPU
		{392FA197-CBCD-4138-88AF-F0B9FB58EEFC}.Release|Any CPU.Build.0 = Release|Any CPU
		{76094ECC-59ED-4CFA-976B-B6A5E7DB14AC}.Debug|Any CPU.ActiveCfg = Debug|Any CPU
		{76094ECC-59ED-4CFA-976B-B6A5E7DB14AC}.Debug|Any CPU.Build.0 = Debug|Any CPU
		{76094ECC-59ED-4CFA-976B-B6A5E7DB14AC}.Release|Any CPU.ActiveCfg = Release|Any CPU
		{76094ECC-59ED-4CFA-976B-B6A5E7DB14AC}.Release|Any CPU.Build.0 = Release|Any CPU
		{4099498C-F9BE-40C3-B5C9-9920ED9EDA5B}.Debug|Any CPU.ActiveCfg = Debug|Any CPU
		{4099498C-F9BE-40C3-B5C9-9920ED9EDA5B}.Debug|Any CPU.Build.0 = Debug|Any CPU
		{4099498C-F9BE-40C3-B5C9-9920ED9EDA5B}.Release|Any CPU.ActiveCfg = Release|Any CPU
		{4099498C-F9BE-40C3-B5C9-9920ED9EDA5B}.Release|Any CPU.Build.0 = Release|Any CPU
		{BCAF5664-2297-4C10-9D86-D944B311BE75}.Debug|Any CPU.ActiveCfg = Debug|Any CPU
		{BCAF5664-2297-4C10-9D86-D944B311BE75}.Debug|Any CPU.Build.0 = Debug|Any CPU
		{BCAF5664-2297-4C10-9D86-D944B311BE75}.Release|Any CPU.ActiveCfg = Release|Any CPU
		{BCAF5664-2297-4C10-9D86-D944B311BE75}.Release|Any CPU.Build.0 = Release|Any CPU
		{601CAD90-EEDF-4E29-BCEB-9E7BA82686AA}.Debug|Any CPU.ActiveCfg = Debug|Any CPU
		{601CAD90-EEDF-4E29-BCEB-9E7BA82686AA}.Debug|Any CPU.Build.0 = Debug|Any CPU
		{601CAD90-EEDF-4E29-BCEB-9E7BA82686AA}.Release|Any CPU.ActiveCfg = Release|Any CPU
		{601CAD90-EEDF-4E29-BCEB-9E7BA82686AA}.Release|Any CPU.Build.0 = Release|Any CPU
		{1E5277C3-3032-48A6-A553-41DCC087B860}.Debug|Any CPU.ActiveCfg = Debug|Any CPU
		{1E5277C3-3032-48A6-A553-41DCC087B860}.Debug|Any CPU.Build.0 = Debug|Any CPU
		{1E5277C3-3032-48A6-A553-41DCC087B860}.Release|Any CPU.ActiveCfg = Release|Any CPU
		{1E5277C3-3032-48A6-A553-41DCC087B860}.Release|Any CPU.Build.0 = Release|Any CPU
		{41001247-5CC0-40F2-B3FB-942AAB4AF4B2}.Debug|Any CPU.ActiveCfg = Debug|Any CPU
		{41001247-5CC0-40F2-B3FB-942AAB4AF4B2}.Debug|Any CPU.Build.0 = Debug|Any CPU
		{41001247-5CC0-40F2-B3FB-942AAB4AF4B2}.Release|Any CPU.ActiveCfg = Release|Any CPU
		{41001247-5CC0-40F2-B3FB-942AAB4AF4B2}.Release|Any CPU.Build.0 = Release|Any CPU
		{4FC4C9FF-AAEE-4AEB-9A52-1C93122C8D1D}.Debug|Any CPU.ActiveCfg = Debug|Any CPU
		{4FC4C9FF-AAEE-4AEB-9A52-1C93122C8D1D}.Debug|Any CPU.Build.0 = Debug|Any CPU
		{4FC4C9FF-AAEE-4AEB-9A52-1C93122C8D1D}.Release|Any CPU.ActiveCfg = Release|Any CPU
		{4FC4C9FF-AAEE-4AEB-9A52-1C93122C8D1D}.Release|Any CPU.Build.0 = Release|Any CPU
	EndGlobalSection
	GlobalSection(SolutionProperties) = preSolution
		HideSolutionNode = FALSE
	EndGlobalSection
	GlobalSection(ExtensibilityGlobals) = postSolution
		SolutionGuid = {9B580A26-2675-4F95-B1AF-0A5C9FB31BF6}
	EndGlobalSection
EndGlobal
