
Microsoft Visual Studio Solution File, Format Version 12.00
# Visual Studio Version 16
VisualStudioVersion = 16.0.31410.357
MinimumVisualStudioVersion = 10.0.40219.1
Project("{FAE04EC0-301F-11D3-BF4B-00C04F79EFBC}") = "01.CountRealNumbers", "01.CountRealNumbers\01.CountRealNumbers.csproj", "{8D90DEBA-B11C-4647-AF25-BA11AF698808}"
EndProject
Project("{FAE04EC0-301F-11D3-BF4B-00C04F79EFBC}") = "02.OddOccurrences", "02.OddOccurrences\02.OddOccurrences.csproj", "{5BDC547F-32EE-4D90-869D-A2D018097017}"
EndProject
Project("{FAE04EC0-301F-11D3-BF4B-00C04F79EFBC}") = "03.WordSynonyms", "03.WordSynonyms\03.WordSynonyms.csproj", "{BF49C2CA-5D3A-41BD-A949-C54E59FFA2E8}"
EndProject
Project("{FAE04EC0-301F-11D3-BF4B-00C04F79EFBC}") = "04.LargestThreeNumbers", "04.LargestThreeNumbers\04.LargestThreeNumbers.csproj", "{79A2B71F-192F-4089-862D-DF83D4AAB62E}"
EndProject
Project("{FAE04EC0-301F-11D3-BF4B-00C04F79EFBC}") = "05.WordFilter", "05.WordFilter\05.WordFilter.csproj", "{29DBED45-19BE-4AFD-8A52-6A27FC38A8B9}"
EndProject
Global
	GlobalSection(SolutionConfigurationPlatforms) = preSolution
		Debug|Any CPU = Debug|Any CPU
		Release|Any CPU = Release|Any CPU
	EndGlobalSection
	GlobalSection(ProjectConfigurationPlatforms) = postSolution
		{8D90DEBA-B11C-4647-AF25-BA11AF698808}.Debug|Any CPU.ActiveCfg = Debug|Any CPU
		{8D90DEBA-B11C-4647-AF25-BA11AF698808}.Debug|Any CPU.Build.0 = Debug|Any CPU
		{8D90DEBA-B11C-4647-AF25-BA11AF698808}.Release|Any CPU.ActiveCfg = Release|Any CPU
		{8D90DEBA-B11C-4647-AF25-BA11AF698808}.Release|Any CPU.Build.0 = Release|Any CPU
		{5BDC547F-32EE-4D90-869D-A2D018097017}.Debug|Any CPU.ActiveCfg = Debug|Any CPU
		{5BDC547F-32EE-4D90-869D-A2D018097017}.Debug|Any CPU.Build.0 = Debug|Any CPU
		{5BDC547F-32EE-4D90-869D-A2D018097017}.Release|Any CPU.ActiveCfg = Release|Any CPU
		{5BDC547F-32EE-4D90-869D-A2D018097017}.Release|Any CPU.Build.0 = Release|Any CPU
		{BF49C2CA-5D3A-41BD-A949-C54E59FFA2E8}.Debug|Any CPU.ActiveCfg = Debug|Any CPU
		{BF49C2CA-5D3A-41BD-A949-C54E59FFA2E8}.Debug|Any CPU.Build.0 = Debug|Any CPU
		{BF49C2CA-5D3A-41BD-A949-C54E59FFA2E8}.Release|Any CPU.ActiveCfg = Release|Any CPU
		{BF49C2CA-5D3A-41BD-A949-C54E59FFA2E8}.Release|Any CPU.Build.0 = Release|Any CPU
		{79A2B71F-192F-4089-862D-DF83D4AAB62E}.Debug|Any CPU.ActiveCfg = Debug|Any CPU
		{79A2B71F-192F-4089-862D-DF83D4AAB62E}.Debug|Any CPU.Build.0 = Debug|Any CPU
		{79A2B71F-192F-4089-862D-DF83D4AAB62E}.Release|Any CPU.ActiveCfg = Release|Any CPU
		{79A2B71F-192F-4089-862D-DF83D4AAB62E}.Release|Any CPU.Build.0 = Release|Any CPU
		{29DBED45-19BE-4AFD-8A52-6A27FC38A8B9}.Debug|Any CPU.ActiveCfg = Debug|Any CPU
		{29DBED45-19BE-4AFD-8A52-6A27FC38A8B9}.Debug|Any CPU.Build.0 = Debug|Any CPU
		{29DBED45-19BE-4AFD-8A52-6A27FC38A8B9}.Release|Any CPU.ActiveCfg = Release|Any CPU
		{29DBED45-19BE-4AFD-8A52-6A27FC38A8B9}.Release|Any CPU.Build.0 = Release|Any CPU
	EndGlobalSection
	GlobalSection(SolutionProperties) = preSolution
		HideSolutionNode = FALSE
	EndGlobalSection
	GlobalSection(ExtensibilityGlobals) = postSolution
		SolutionGuid = {28854996-666F-4C14-81DA-F115FDBB14E0}
	EndGlobalSection
EndGlobal
