
Microsoft Visual Studio Solution File, Format Version 12.00
# Visual Studio Version 16
VisualStudioVersion = 16.0.31424.327
MinimumVisualStudioVersion = 10.0.40219.1
Project("{9A19103F-16F7-4668-BE54-9A1E7A4F7556}") = "01.WorldTour", "01.WorldTour\01.WorldTour.csproj", "{AEAD3DF2-A5FF-4E1D-B25A-70F86671EE2E}"
EndProject
Project("{FAE04EC0-301F-11D3-BF4B-00C04F79EFBC}") = "02.DestinationMapper", "02.DestinationMapper\02.DestinationMapper.csproj", "{9634C333-5BEA-41C2-9A22-72B4B9C76ECC}"
EndProject
Project("{FAE04EC0-301F-11D3-BF4B-00C04F79EFBC}") = "03.PlantDiscovery", "03.PlantDiscovery\03.PlantDiscovery.csproj", "{C57A49BE-BE5E-475B-938A-6306F9363200}"
EndProject
Global
	GlobalSection(SolutionConfigurationPlatforms) = preSolution
		Debug|Any CPU = Debug|Any CPU
		Release|Any CPU = Release|Any CPU
	EndGlobalSection
	GlobalSection(ProjectConfigurationPlatforms) = postSolution
		{AEAD3DF2-A5FF-4E1D-B25A-70F86671EE2E}.Debug|Any CPU.ActiveCfg = Debug|Any CPU
		{AEAD3DF2-A5FF-4E1D-B25A-70F86671EE2E}.Debug|Any CPU.Build.0 = Debug|Any CPU
		{AEAD3DF2-A5FF-4E1D-B25A-70F86671EE2E}.Release|Any CPU.ActiveCfg = Release|Any CPU
		{AEAD3DF2-A5FF-4E1D-B25A-70F86671EE2E}.Release|Any CPU.Build.0 = Release|Any CPU
		{9634C333-5BEA-41C2-9A22-72B4B9C76ECC}.Debug|Any CPU.ActiveCfg = Debug|Any CPU
		{9634C333-5BEA-41C2-9A22-72B4B9C76ECC}.Debug|Any CPU.Build.0 = Debug|Any CPU
		{9634C333-5BEA-41C2-9A22-72B4B9C76ECC}.Release|Any CPU.ActiveCfg = Release|Any CPU
		{9634C333-5BEA-41C2-9A22-72B4B9C76ECC}.Release|Any CPU.Build.0 = Release|Any CPU
		{C57A49BE-BE5E-475B-938A-6306F9363200}.Debug|Any CPU.ActiveCfg = Debug|Any CPU
		{C57A49BE-BE5E-475B-938A-6306F9363200}.Debug|Any CPU.Build.0 = Debug|Any CPU
		{C57A49BE-BE5E-475B-938A-6306F9363200}.Release|Any CPU.ActiveCfg = Release|Any CPU
		{C57A49BE-BE5E-475B-938A-6306F9363200}.Release|Any CPU.Build.0 = Release|Any CPU
	EndGlobalSection
	GlobalSection(SolutionProperties) = preSolution
		HideSolutionNode = FALSE
	EndGlobalSection
	GlobalSection(ExtensibilityGlobals) = postSolution
		SolutionGuid = {637632DF-2E5C-49E1-BAEF-78F79C72EB92}
	EndGlobalSection
EndGlobal
