
Microsoft Visual Studio Solution File, Format Version 12.00
# Visual Studio Version 16
VisualStudioVersion = 16.0.31410.357
MinimumVisualStudioVersion = 10.0.40219.1
Project("{9A19103F-16F7-4668-BE54-9A1E7A4F7556}") = "01.CountCharsInAString", "01.CountCharsInAString\01.CountCharsInAString.csproj", "{B4327DE2-5BA3-4248-A323-F7CF31A90A11}"
EndProject
Project("{9A19103F-16F7-4668-BE54-9A1E7A4F7556}") = "02.AMinerTask", "02.AMinerTask\02.AMinerTask.csproj", "{49459BF8-7241-492A-BB52-1E421DA6D04F}"
EndProject
Project("{9A19103F-16F7-4668-BE54-9A1E7A4F7556}") = "03.LegendaryFarming", "03.LegendaryFarming\03.LegendaryFarming.csproj", "{4C0C4AFA-6CD2-4869-A051-CDC2257918E0}"
EndProject
Project("{9A19103F-16F7-4668-BE54-9A1E7A4F7556}") = "04.Orders", "04.Orders\04.Orders.csproj", "{64F792B0-57D1-4846-8A05-E00A5FBE7091}"
EndProject
Project("{9A19103F-16F7-4668-BE54-9A1E7A4F7556}") = "05.SoftUniParking", "05.SoftUniParking\05.SoftUniParking.csproj", "{477F1255-92E4-4A21-BB81-D6696495257C}"
EndProject
Project("{9A19103F-16F7-4668-BE54-9A1E7A4F7556}") = "06.Courses", "06.Courses\06.Courses.csproj", "{BE9484E2-717E-49FB-8F8F-694C166D6762}"
EndProject
Project("{9A19103F-16F7-4668-BE54-9A1E7A4F7556}") = "07.StudentAcademy", "07.StudentAcademy\07.StudentAcademy.csproj", "{E872D506-35C5-4AA5-A05B-5F662D868FB6}"
EndProject
Project("{9A19103F-16F7-4668-BE54-9A1E7A4F7556}") = "08.CompanyUsers", "08.CompanyUsers\08.CompanyUsers.csproj", "{A755DFE6-A69B-4177-B9D9-0424E7342EEC}"
EndProject
Project("{9A19103F-16F7-4668-BE54-9A1E7A4F7556}") = "09.ForceBook", "09.ForceBook\09.ForceBook.csproj", "{381A2E0F-29EF-492D-BBF9-DC0601D39233}"
EndProject
Project("{FAE04EC0-301F-11D3-BF4B-00C04F79EFBC}") = "10.SoftUniExamResults", "10.SoftUniExamResults\10.SoftUniExamResults.csproj", "{03B8C154-E017-4972-ACF6-5DFF92839996}"
EndProject
Global
	GlobalSection(SolutionConfigurationPlatforms) = preSolution
		Debug|Any CPU = Debug|Any CPU
		Release|Any CPU = Release|Any CPU
	EndGlobalSection
	GlobalSection(ProjectConfigurationPlatforms) = postSolution
		{B4327DE2-5BA3-4248-A323-F7CF31A90A11}.Debug|Any CPU.ActiveCfg = Debug|Any CPU
		{B4327DE2-5BA3-4248-A323-F7CF31A90A11}.Debug|Any CPU.Build.0 = Debug|Any CPU
		{B4327DE2-5BA3-4248-A323-F7CF31A90A11}.Release|Any CPU.ActiveCfg = Release|Any CPU
		{B4327DE2-5BA3-4248-A323-F7CF31A90A11}.Release|Any CPU.Build.0 = Release|Any CPU
		{49459BF8-7241-492A-BB52-1E421DA6D04F}.Debug|Any CPU.ActiveCfg = Debug|Any CPU
		{49459BF8-7241-492A-BB52-1E421DA6D04F}.Debug|Any CPU.Build.0 = Debug|Any CPU
		{49459BF8-7241-492A-BB52-1E421DA6D04F}.Release|Any CPU.ActiveCfg = Release|Any CPU
		{49459BF8-7241-492A-BB52-1E421DA6D04F}.Release|Any CPU.Build.0 = Release|Any CPU
		{4C0C4AFA-6CD2-4869-A051-CDC2257918E0}.Debug|Any CPU.ActiveCfg = Debug|Any CPU
		{4C0C4AFA-6CD2-4869-A051-CDC2257918E0}.Debug|Any CPU.Build.0 = Debug|Any CPU
		{4C0C4AFA-6CD2-4869-A051-CDC2257918E0}.Release|Any CPU.ActiveCfg = Release|Any CPU
		{4C0C4AFA-6CD2-4869-A051-CDC2257918E0}.Release|Any CPU.Build.0 = Release|Any CPU
		{64F792B0-57D1-4846-8A05-E00A5FBE7091}.Debug|Any CPU.ActiveCfg = Debug|Any CPU
		{64F792B0-57D1-4846-8A05-E00A5FBE7091}.Debug|Any CPU.Build.0 = Debug|Any CPU
		{64F792B0-57D1-4846-8A05-E00A5FBE7091}.Release|Any CPU.ActiveCfg = Release|Any CPU
		{64F792B0-57D1-4846-8A05-E00A5FBE7091}.Release|Any CPU.Build.0 = Release|Any CPU
		{477F1255-92E4-4A21-BB81-D6696495257C}.Debug|Any CPU.ActiveCfg = Debug|Any CPU
		{477F1255-92E4-4A21-BB81-D6696495257C}.Debug|Any CPU.Build.0 = Debug|Any CPU
		{477F1255-92E4-4A21-BB81-D6696495257C}.Release|Any CPU.ActiveCfg = Release|Any CPU
		{477F1255-92E4-4A21-BB81-D6696495257C}.Release|Any CPU.Build.0 = Release|Any CPU
		{BE9484E2-717E-49FB-8F8F-694C166D6762}.Debug|Any CPU.ActiveCfg = Debug|Any CPU
		{BE9484E2-717E-49FB-8F8F-694C166D6762}.Debug|Any CPU.Build.0 = Debug|Any CPU
		{BE9484E2-717E-49FB-8F8F-694C166D6762}.Release|Any CPU.ActiveCfg = Release|Any CPU
		{BE9484E2-717E-49FB-8F8F-694C166D6762}.Release|Any CPU.Build.0 = Release|Any CPU
		{E872D506-35C5-4AA5-A05B-5F662D868FB6}.Debug|Any CPU.ActiveCfg = Debug|Any CPU
		{E872D506-35C5-4AA5-A05B-5F662D868FB6}.Debug|Any CPU.Build.0 = Debug|Any CPU
		{E872D506-35C5-4AA5-A05B-5F662D868FB6}.Release|Any CPU.ActiveCfg = Release|Any CPU
		{E872D506-35C5-4AA5-A05B-5F662D868FB6}.Release|Any CPU.Build.0 = Release|Any CPU
		{A755DFE6-A69B-4177-B9D9-0424E7342EEC}.Debug|Any CPU.ActiveCfg = Debug|Any CPU
		{A755DFE6-A69B-4177-B9D9-0424E7342EEC}.Debug|Any CPU.Build.0 = Debug|Any CPU
		{A755DFE6-A69B-4177-B9D9-0424E7342EEC}.Release|Any CPU.ActiveCfg = Release|Any CPU
		{A755DFE6-A69B-4177-B9D9-0424E7342EEC}.Release|Any CPU.Build.0 = Release|Any CPU
		{381A2E0F-29EF-492D-BBF9-DC0601D39233}.Debug|Any CPU.ActiveCfg = Debug|Any CPU
		{381A2E0F-29EF-492D-BBF9-DC0601D39233}.Debug|Any CPU.Build.0 = Debug|Any CPU
		{381A2E0F-29EF-492D-BBF9-DC0601D39233}.Release|Any CPU.ActiveCfg = Release|Any CPU
		{381A2E0F-29EF-492D-BBF9-DC0601D39233}.Release|Any CPU.Build.0 = Release|Any CPU
		{03B8C154-E017-4972-ACF6-5DFF92839996}.Debug|Any CPU.ActiveCfg = Debug|Any CPU
		{03B8C154-E017-4972-ACF6-5DFF92839996}.Debug|Any CPU.Build.0 = Debug|Any CPU
		{03B8C154-E017-4972-ACF6-5DFF92839996}.Release|Any CPU.ActiveCfg = Release|Any CPU
		{03B8C154-E017-4972-ACF6-5DFF92839996}.Release|Any CPU.Build.0 = Release|Any CPU
	EndGlobalSection
	GlobalSection(SolutionProperties) = preSolution
		HideSolutionNode = FALSE
	EndGlobalSection
	GlobalSection(ExtensibilityGlobals) = postSolution
		SolutionGuid = {F30169B1-75A2-423E-B422-33A61B862383}
	EndGlobalSection
EndGlobal
