
Microsoft Visual Studio Solution File, Format Version 12.00
# Visual Studio Version 16
VisualStudioVersion = 16.0.31313.79
MinimumVisualStudioVersion = 10.0.40219.1
Project("{9A19103F-16F7-4668-BE54-9A1E7A4F7556}") = "01.DataTypeFinder", "01.DataTypeFinder\01.DataTypeFinder.csproj", "{A3834D1E-DA7A-4DF0-88FD-D52C3C2B7F0B}"
EndProject
Project("{FAE04EC0-301F-11D3-BF4B-00C04F79EFBC}") = "02.FromLeftToTheRight", "02.FromLeftToTheRight\02.FromLeftToTheRight.csproj", "{AA15F691-BB98-4A09-B259-105C3D42832E}"
EndProject
Project("{FAE04EC0-301F-11D3-BF4B-00C04F79EFBC}") = "03.FloatingEquality", "03.FloatingEquality\03.FloatingEquality.csproj", "{0259B9C0-B2CF-49A0-89EB-F5935A1AABBF}"
EndProject
Project("{FAE04EC0-301F-11D3-BF4B-00C04F79EFBC}") = "04.RefactoringPrimeChecker", "04.RefactoringPrimeChecker\04.RefactoringPrimeChecker.csproj", "{FCDC9CC3-1E43-49FB-B8A0-7A086E9D1A9E}"
EndProject
Project("{FAE04EC0-301F-11D3-BF4B-00C04F79EFBC}") = "05.DecryptingMessages", "05.DecryptingMessages\05.DecryptingMessages.csproj", "{77734212-797E-4AB0-A3E4-D9AEECF0A698}"
EndProject
Project("{FAE04EC0-301F-11D3-BF4B-00C04F79EFBC}") = "06.BalancedBrackets", "06.BalancedBrackets\06.BalancedBrackets.csproj", "{8706C8E4-3B7A-4B7A-B9D0-FB9F0801A6C9}"
EndProject
Global
	GlobalSection(SolutionConfigurationPlatforms) = preSolution
		Debug|Any CPU = Debug|Any CPU
		Release|Any CPU = Release|Any CPU
	EndGlobalSection
	GlobalSection(ProjectConfigurationPlatforms) = postSolution
		{A3834D1E-DA7A-4DF0-88FD-D52C3C2B7F0B}.Debug|Any CPU.ActiveCfg = Debug|Any CPU
		{A3834D1E-DA7A-4DF0-88FD-D52C3C2B7F0B}.Debug|Any CPU.Build.0 = Debug|Any CPU
		{A3834D1E-DA7A-4DF0-88FD-D52C3C2B7F0B}.Release|Any CPU.ActiveCfg = Release|Any CPU
		{A3834D1E-DA7A-4DF0-88FD-D52C3C2B7F0B}.Release|Any CPU.Build.0 = Release|Any CPU
		{AA15F691-BB98-4A09-B259-105C3D42832E}.Debug|Any CPU.ActiveCfg = Debug|Any CPU
		{AA15F691-BB98-4A09-B259-105C3D42832E}.Debug|Any CPU.Build.0 = Debug|Any CPU
		{AA15F691-BB98-4A09-B259-105C3D42832E}.Release|Any CPU.ActiveCfg = Release|Any CPU
		{AA15F691-BB98-4A09-B259-105C3D42832E}.Release|Any CPU.Build.0 = Release|Any CPU
		{0259B9C0-B2CF-49A0-89EB-F5935A1AABBF}.Debug|Any CPU.ActiveCfg = Debug|Any CPU
		{0259B9C0-B2CF-49A0-89EB-F5935A1AABBF}.Debug|Any CPU.Build.0 = Debug|Any CPU
		{0259B9C0-B2CF-49A0-89EB-F5935A1AABBF}.Release|Any CPU.ActiveCfg = Release|Any CPU
		{0259B9C0-B2CF-49A0-89EB-F5935A1AABBF}.Release|Any CPU.Build.0 = Release|Any CPU
		{FCDC9CC3-1E43-49FB-B8A0-7A086E9D1A9E}.Debug|Any CPU.ActiveCfg = Debug|Any CPU
		{FCDC9CC3-1E43-49FB-B8A0-7A086E9D1A9E}.Debug|Any CPU.Build.0 = Debug|Any CPU
		{FCDC9CC3-1E43-49FB-B8A0-7A086E9D1A9E}.Release|Any CPU.ActiveCfg = Release|Any CPU
		{FCDC9CC3-1E43-49FB-B8A0-7A086E9D1A9E}.Release|Any CPU.Build.0 = Release|Any CPU
		{77734212-797E-4AB0-A3E4-D9AEECF0A698}.Debug|Any CPU.ActiveCfg = Debug|Any CPU
		{77734212-797E-4AB0-A3E4-D9AEECF0A698}.Debug|Any CPU.Build.0 = Debug|Any CPU
		{77734212-797E-4AB0-A3E4-D9AEECF0A698}.Release|Any CPU.ActiveCfg = Release|Any CPU
		{77734212-797E-4AB0-A3E4-D9AEECF0A698}.Release|Any CPU.Build.0 = Release|Any CPU
		{8706C8E4-3B7A-4B7A-B9D0-FB9F0801A6C9}.Debug|Any CPU.ActiveCfg = Debug|Any CPU
		{8706C8E4-3B7A-4B7A-B9D0-FB9F0801A6C9}.Debug|Any CPU.Build.0 = Debug|Any CPU
		{8706C8E4-3B7A-4B7A-B9D0-FB9F0801A6C9}.Release|Any CPU.ActiveCfg = Release|Any CPU
		{8706C8E4-3B7A-4B7A-B9D0-FB9F0801A6C9}.Release|Any CPU.Build.0 = Release|Any CPU
	EndGlobalSection
	GlobalSection(SolutionProperties) = preSolution
		HideSolutionNode = FALSE
	EndGlobalSection
	GlobalSection(ExtensibilityGlobals) = postSolution
		SolutionGuid = {A3A99CC4-2009-4487-BC4E-57D2785B9A32}
	EndGlobalSection
EndGlobal
