
Microsoft Visual Studio Solution File, Format Version 12.00
# Visual Studio Version 16
VisualStudioVersion = 16.0.31402.337
MinimumVisualStudioVersion = 10.0.40219.1
Project("{FAE04EC0-301F-11D3-BF4B-00C04F79EFBC}") = "01.RandomizeWords", "01.RandomizeWords\01.RandomizeWords.csproj", "{3847157C-E46A-4F73-860B-A2668D610562}"
EndProject
Project("{FAE04EC0-301F-11D3-BF4B-00C04F79EFBC}") = "02.BigFactorial", "02.BigFactorial\02.BigFactorial.csproj", "{5FA1F7DB-3FA5-4C6F-A86A-798E447671EE}"
EndProject
Project("{FAE04EC0-301F-11D3-BF4B-00C04F79EFBC}") = "03.Songs", "03.Songs\03.Songs.csproj", "{9DB3E38B-D86C-4962-A734-5DAED0F785B3}"
EndProject
Project("{FAE04EC0-301F-11D3-BF4B-00C04F79EFBC}") = "04.Students", "04.Students\04.Students.csproj", "{7293211E-0258-4AFA-A398-8F357933F33D}"
EndProject
Project("{FAE04EC0-301F-11D3-BF4B-00C04F79EFBC}") = "05.StudentsTwoPointO", "05.StudentsTwoPointO\05.StudentsTwoPointO.csproj", "{4D31EDB6-4A9D-428B-ADF1-4FACA3AC2E15}"
EndProject
Project("{FAE04EC0-301F-11D3-BF4B-00C04F79EFBC}") = "06.StoreBoxes", "06.StoreBoxes\06.StoreBoxes.csproj", "{80A65AB3-E2A0-4581-8219-766F8DEE7C26}"
EndProject
Project("{FAE04EC0-301F-11D3-BF4B-00C04F79EFBC}") = "07.VehicleCatalogue", "07.VehicleCatalogue\07.VehicleCatalogue.csproj", "{F54DF8DC-7F42-4071-90B0-3FAB101BC64E}"
EndProject
Global
	GlobalSection(SolutionConfigurationPlatforms) = preSolution
		Debug|Any CPU = Debug|Any CPU
		Release|Any CPU = Release|Any CPU
	EndGlobalSection
	GlobalSection(ProjectConfigurationPlatforms) = postSolution
		{3847157C-E46A-4F73-860B-A2668D610562}.Debug|Any CPU.ActiveCfg = Debug|Any CPU
		{3847157C-E46A-4F73-860B-A2668D610562}.Debug|Any CPU.Build.0 = Debug|Any CPU
		{3847157C-E46A-4F73-860B-A2668D610562}.Release|Any CPU.ActiveCfg = Release|Any CPU
		{3847157C-E46A-4F73-860B-A2668D610562}.Release|Any CPU.Build.0 = Release|Any CPU
		{5FA1F7DB-3FA5-4C6F-A86A-798E447671EE}.Debug|Any CPU.ActiveCfg = Debug|Any CPU
		{5FA1F7DB-3FA5-4C6F-A86A-798E447671EE}.Debug|Any CPU.Build.0 = Debug|Any CPU
		{5FA1F7DB-3FA5-4C6F-A86A-798E447671EE}.Release|Any CPU.ActiveCfg = Release|Any CPU
		{5FA1F7DB-3FA5-4C6F-A86A-798E447671EE}.Release|Any CPU.Build.0 = Release|Any CPU
		{9DB3E38B-D86C-4962-A734-5DAED0F785B3}.Debug|Any CPU.ActiveCfg = Debug|Any CPU
		{9DB3E38B-D86C-4962-A734-5DAED0F785B3}.Debug|Any CPU.Build.0 = Debug|Any CPU
		{9DB3E38B-D86C-4962-A734-5DAED0F785B3}.Release|Any CPU.ActiveCfg = Release|Any CPU
		{9DB3E38B-D86C-4962-A734-5DAED0F785B3}.Release|Any CPU.Build.0 = Release|Any CPU
		{7293211E-0258-4AFA-A398-8F357933F33D}.Debug|Any CPU.ActiveCfg = Debug|Any CPU
		{7293211E-0258-4AFA-A398-8F357933F33D}.Debug|Any CPU.Build.0 = Debug|Any CPU
		{7293211E-0258-4AFA-A398-8F357933F33D}.Release|Any CPU.ActiveCfg = Release|Any CPU
		{7293211E-0258-4AFA-A398-8F357933F33D}.Release|Any CPU.Build.0 = Release|Any CPU
		{4D31EDB6-4A9D-428B-ADF1-4FACA3AC2E15}.Debug|Any CPU.ActiveCfg = Debug|Any CPU
		{4D31EDB6-4A9D-428B-ADF1-4FACA3AC2E15}.Debug|Any CPU.Build.0 = Debug|Any CPU
		{4D31EDB6-4A9D-428B-ADF1-4FACA3AC2E15}.Release|Any CPU.ActiveCfg = Release|Any CPU
		{4D31EDB6-4A9D-428B-ADF1-4FACA3AC2E15}.Release|Any CPU.Build.0 = Release|Any CPU
		{80A65AB3-E2A0-4581-8219-766F8DEE7C26}.Debug|Any CPU.ActiveCfg = Debug|Any CPU
		{80A65AB3-E2A0-4581-8219-766F8DEE7C26}.Debug|Any CPU.Build.0 = Debug|Any CPU
		{80A65AB3-E2A0-4581-8219-766F8DEE7C26}.Release|Any CPU.ActiveCfg = Release|Any CPU
		{80A65AB3-E2A0-4581-8219-766F8DEE7C26}.Release|Any CPU.Build.0 = Release|Any CPU
		{F54DF8DC-7F42-4071-90B0-3FAB101BC64E}.Debug|Any CPU.ActiveCfg = Debug|Any CPU
		{F54DF8DC-7F42-4071-90B0-3FAB101BC64E}.Debug|Any CPU.Build.0 = Debug|Any CPU
		{F54DF8DC-7F42-4071-90B0-3FAB101BC64E}.Release|Any CPU.ActiveCfg = Release|Any CPU
		{F54DF8DC-7F42-4071-90B0-3FAB101BC64E}.Release|Any CPU.Build.0 = Release|Any CPU
	EndGlobalSection
	GlobalSection(SolutionProperties) = preSolution
		HideSolutionNode = FALSE
	EndGlobalSection
	GlobalSection(ExtensibilityGlobals) = postSolution
		SolutionGuid = {EB82A03C-803B-45AF-A31B-57DD99FAAACD}
	EndGlobalSection
EndGlobal
