
Microsoft Visual Studio Solution File, Format Version 12.00
# Visual Studio Version 16
VisualStudioVersion = 16.0.31410.357
MinimumVisualStudioVersion = 10.0.40219.1
Project("{9A19103F-16F7-4668-BE54-9A1E7A4F7556}") = "01.CompanyRoster", "01.CompanyRoster\01.CompanyRoster.csproj", "{623DE505-37A6-425C-B198-FAC284D1B213}"
EndProject
Project("{9A19103F-16F7-4668-BE54-9A1E7A4F7556}") = "02.OldestFamilyMember", "02.OldestFamilyMember\02.OldestFamilyMember.csproj", "{45B414C7-05F9-49F9-B8C2-466AB4222D6C}"
EndProject
Project("{9A19103F-16F7-4668-BE54-9A1E7A4F7556}") = "03.SpeedRacing", "03.SpeedRacing\03.SpeedRacing.csproj", "{E9E76518-2AE7-47DF-99FA-274D20874EE4}"
EndProject
Project("{9A19103F-16F7-4668-BE54-9A1E7A4F7556}") = "04.RawData", "04.RawData\04.RawData.csproj", "{21244844-84C7-4BB1-8F3B-B93F8B9ECFEE}"
EndProject
Project("{FAE04EC0-301F-11D3-BF4B-00C04F79EFBC}") = "05.ShoppingSpree", "05.ShoppingSpree\05.ShoppingSpree.csproj", "{393BDB15-7368-4043-A106-DA8D5C495F32}"
EndProject
Global
	GlobalSection(SolutionConfigurationPlatforms) = preSolution
		Debug|Any CPU = Debug|Any CPU
		Release|Any CPU = Release|Any CPU
	EndGlobalSection
	GlobalSection(ProjectConfigurationPlatforms) = postSolution
		{623DE505-37A6-425C-B198-FAC284D1B213}.Debug|Any CPU.ActiveCfg = Debug|Any CPU
		{623DE505-37A6-425C-B198-FAC284D1B213}.Debug|Any CPU.Build.0 = Debug|Any CPU
		{623DE505-37A6-425C-B198-FAC284D1B213}.Release|Any CPU.ActiveCfg = Release|Any CPU
		{623DE505-37A6-425C-B198-FAC284D1B213}.Release|Any CPU.Build.0 = Release|Any CPU
		{45B414C7-05F9-49F9-B8C2-466AB4222D6C}.Debug|Any CPU.ActiveCfg = Debug|Any CPU
		{45B414C7-05F9-49F9-B8C2-466AB4222D6C}.Debug|Any CPU.Build.0 = Debug|Any CPU
		{45B414C7-05F9-49F9-B8C2-466AB4222D6C}.Release|Any CPU.ActiveCfg = Release|Any CPU
		{45B414C7-05F9-49F9-B8C2-466AB4222D6C}.Release|Any CPU.Build.0 = Release|Any CPU
		{E9E76518-2AE7-47DF-99FA-274D20874EE4}.Debug|Any CPU.ActiveCfg = Debug|Any CPU
		{E9E76518-2AE7-47DF-99FA-274D20874EE4}.Debug|Any CPU.Build.0 = Debug|Any CPU
		{E9E76518-2AE7-47DF-99FA-274D20874EE4}.Release|Any CPU.ActiveCfg = Release|Any CPU
		{E9E76518-2AE7-47DF-99FA-274D20874EE4}.Release|Any CPU.Build.0 = Release|Any CPU
		{21244844-84C7-4BB1-8F3B-B93F8B9ECFEE}.Debug|Any CPU.ActiveCfg = Debug|Any CPU
		{21244844-84C7-4BB1-8F3B-B93F8B9ECFEE}.Debug|Any CPU.Build.0 = Debug|Any CPU
		{21244844-84C7-4BB1-8F3B-B93F8B9ECFEE}.Release|Any CPU.ActiveCfg = Release|Any CPU
		{21244844-84C7-4BB1-8F3B-B93F8B9ECFEE}.Release|Any CPU.Build.0 = Release|Any CPU
		{393BDB15-7368-4043-A106-DA8D5C495F32}.Debug|Any CPU.ActiveCfg = Debug|Any CPU
		{393BDB15-7368-4043-A106-DA8D5C495F32}.Debug|Any CPU.Build.0 = Debug|Any CPU
		{393BDB15-7368-4043-A106-DA8D5C495F32}.Release|Any CPU.ActiveCfg = Release|Any CPU
		{393BDB15-7368-4043-A106-DA8D5C495F32}.Release|Any CPU.Build.0 = Release|Any CPU
	EndGlobalSection
	GlobalSection(SolutionProperties) = preSolution
		HideSolutionNode = FALSE
	EndGlobalSection
	GlobalSection(ExtensibilityGlobals) = postSolution
		SolutionGuid = {2C255F4F-C1EB-4BC2-BC47-543143337A26}
	EndGlobalSection
EndGlobal
