
Microsoft Visual Studio Solution File, Format Version 12.00
# Visual Studio Version 16
VisualStudioVersion = 16.0.31321.278
MinimumVisualStudioVersion = 10.0.40219.1
Project("{9A19103F-16F7-4668-BE54-9A1E7A4F7556}") = "01.EncryptSortAndPrintArray", "01.EncryptSortAndPrintArray\01.EncryptSortAndPrintArray.csproj", "{DFE0716F-C988-43C3-AC95-96325E849FA1}"
EndProject
Project("{9A19103F-16F7-4668-BE54-9A1E7A4F7556}") = "02.PascalTriangle", "02.PascalTriangle\02.PascalTriangle.csproj", "{A73E5E5F-F99A-48D7-9FC4-1F31231F6412}"
EndProject
Project("{9A19103F-16F7-4668-BE54-9A1E7A4F7556}") = "03.RecursiveFibonacci", "03.RecursiveFibonacci\03.RecursiveFibonacci.csproj", "{1AE970F1-69E6-4B7D-862A-6724128155CB}"
EndProject
Project("{9A19103F-16F7-4668-BE54-9A1E7A4F7556}") = "04.FoldAndSum", "04.FoldAndSum\04.FoldAndSum.csproj", "{64B7C5FC-F555-4DD3-8098-8720AB998856}"
EndProject
Project("{9A19103F-16F7-4668-BE54-9A1E7A4F7556}") = "05.LongestIncreasingSubsequence", "05.LongestIncreasingSubsequence\05.LongestIncreasingSubsequence.csproj", "{1DBF493C-040F-4F55-96B1-37E7055E789B}"
EndProject
Global
	GlobalSection(SolutionConfigurationPlatforms) = preSolution
		Debug|Any CPU = Debug|Any CPU
		Release|Any CPU = Release|Any CPU
	EndGlobalSection
	GlobalSection(ProjectConfigurationPlatforms) = postSolution
		{DFE0716F-C988-43C3-AC95-96325E849FA1}.Debug|Any CPU.ActiveCfg = Debug|Any CPU
		{DFE0716F-C988-43C3-AC95-96325E849FA1}.Debug|Any CPU.Build.0 = Debug|Any CPU
		{DFE0716F-C988-43C3-AC95-96325E849FA1}.Release|Any CPU.ActiveCfg = Release|Any CPU
		{DFE0716F-C988-43C3-AC95-96325E849FA1}.Release|Any CPU.Build.0 = Release|Any CPU
		{A73E5E5F-F99A-48D7-9FC4-1F31231F6412}.Debug|Any CPU.ActiveCfg = Debug|Any CPU
		{A73E5E5F-F99A-48D7-9FC4-1F31231F6412}.Debug|Any CPU.Build.0 = Debug|Any CPU
		{A73E5E5F-F99A-48D7-9FC4-1F31231F6412}.Release|Any CPU.ActiveCfg = Release|Any CPU
		{A73E5E5F-F99A-48D7-9FC4-1F31231F6412}.Release|Any CPU.Build.0 = Release|Any CPU
		{1AE970F1-69E6-4B7D-862A-6724128155CB}.Debug|Any CPU.ActiveCfg = Debug|Any CPU
		{1AE970F1-69E6-4B7D-862A-6724128155CB}.Debug|Any CPU.Build.0 = Debug|Any CPU
		{1AE970F1-69E6-4B7D-862A-6724128155CB}.Release|Any CPU.ActiveCfg = Release|Any CPU
		{1AE970F1-69E6-4B7D-862A-6724128155CB}.Release|Any CPU.Build.0 = Release|Any CPU
		{64B7C5FC-F555-4DD3-8098-8720AB998856}.Debug|Any CPU.ActiveCfg = Debug|Any CPU
		{64B7C5FC-F555-4DD3-8098-8720AB998856}.Debug|Any CPU.Build.0 = Debug|Any CPU
		{64B7C5FC-F555-4DD3-8098-8720AB998856}.Release|Any CPU.ActiveCfg = Release|Any CPU
		{64B7C5FC-F555-4DD3-8098-8720AB998856}.Release|Any CPU.Build.0 = Release|Any CPU
		{1DBF493C-040F-4F55-96B1-37E7055E789B}.Debug|Any CPU.ActiveCfg = Debug|Any CPU
		{1DBF493C-040F-4F55-96B1-37E7055E789B}.Debug|Any CPU.Build.0 = Debug|Any CPU
		{1DBF493C-040F-4F55-96B1-37E7055E789B}.Release|Any CPU.ActiveCfg = Release|Any CPU
		{1DBF493C-040F-4F55-96B1-37E7055E789B}.Release|Any CPU.Build.0 = Release|Any CPU
	EndGlobalSection
	GlobalSection(SolutionProperties) = preSolution
		HideSolutionNode = FALSE
	EndGlobalSection
	GlobalSection(ExtensibilityGlobals) = postSolution
		SolutionGuid = {8C25D7A8-7B49-437D-8839-E1E2E2FD54AF}
	EndGlobalSection
EndGlobal
