
Microsoft Visual Studio Solution File, Format Version 12.00
# Visual Studio Version 16
VisualStudioVersion = 16.0.31410.357
MinimumVisualStudioVersion = 10.0.40219.1
Project("{FAE04EC0-301F-11D3-BF4B-00C04F79EFBC}") = "01.ComputerStore", "01.ComputerStore\01.ComputerStore.csproj", "{F758BE0B-8307-455B-AD13-9999CE3E6F53}"
EndProject
Project("{FAE04EC0-301F-11D3-BF4B-00C04F79EFBC}") = "02.TheLift", "02.TheLift\02.TheLift.csproj", "{064D9AD2-13DE-4A79-B957-9F02660A115A}"
EndProject
Project("{FAE04EC0-301F-11D3-BF4B-00C04F79EFBC}") = "03.MemoryGame", "03.MemoryGame\03.MemoryGame.csproj", "{47F9F281-91C0-4056-A3E3-CB6DBEE7DB1C}"
EndProject
Global
	GlobalSection(SolutionConfigurationPlatforms) = preSolution
		Debug|Any CPU = Debug|Any CPU
		Release|Any CPU = Release|Any CPU
	EndGlobalSection
	GlobalSection(ProjectConfigurationPlatforms) = postSolution
		{F758BE0B-8307-455B-AD13-9999CE3E6F53}.Debug|Any CPU.ActiveCfg = Debug|Any CPU
		{F758BE0B-8307-455B-AD13-9999CE3E6F53}.Debug|Any CPU.Build.0 = Debug|Any CPU
		{F758BE0B-8307-455B-AD13-9999CE3E6F53}.Release|Any CPU.ActiveCfg = Release|Any CPU
		{F758BE0B-8307-455B-AD13-9999CE3E6F53}.Release|Any CPU.Build.0 = Release|Any CPU
		{064D9AD2-13DE-4A79-B957-9F02660A115A}.Debug|Any CPU.ActiveCfg = Debug|Any CPU
		{064D9AD2-13DE-4A79-B957-9F02660A115A}.Debug|Any CPU.Build.0 = Debug|Any CPU
		{064D9AD2-13DE-4A79-B957-9F02660A115A}.Release|Any CPU.ActiveCfg = Release|Any CPU
		{064D9AD2-13DE-4A79-B957-9F02660A115A}.Release|Any CPU.Build.0 = Release|Any CPU
		{47F9F281-91C0-4056-A3E3-CB6DBEE7DB1C}.Debug|Any CPU.ActiveCfg = Debug|Any CPU
		{47F9F281-91C0-4056-A3E3-CB6DBEE7DB1C}.Debug|Any CPU.Build.0 = Debug|Any CPU
		{47F9F281-91C0-4056-A3E3-CB6DBEE7DB1C}.Release|Any CPU.ActiveCfg = Release|Any CPU
		{47F9F281-91C0-4056-A3E3-CB6DBEE7DB1C}.Release|Any CPU.Build.0 = Release|Any CPU
	EndGlobalSection
	GlobalSection(SolutionProperties) = preSolution
		HideSolutionNode = FALSE
	EndGlobalSection
	GlobalSection(ExtensibilityGlobals) = postSolution
		SolutionGuid = {8A5542EF-1D2D-4D55-9F7E-A9F4B2FA10D0}
	EndGlobalSection
EndGlobal
